
Microsoft Visual Studio Solution File, Format Version 12.00
# Visual Studio Version 17
VisualStudioVersion = 17.0.32112.339
MinimumVisualStudioVersion = 10.0.40219.1
Project("{9A19103F-16F7-4668-BE54-9A1E7A4F7556}") = "MaderasProveedores.API", "MaderasProveedores.API.csproj", "{6E6D47FC-A566-4D0F-9535-5E4A53CB5616}"
EndProject
Project("{9A19103F-16F7-4668-BE54-9A1E7A4F7556}") = "MaderasProveedores.DataAccess", "..\MaderasProveedores.DataAccess\MaderasProveedores.DataAccess.csproj", "{604E379D-590F-4B33-98E0-6929411CF1F5}"
EndProject
Project("{9A19103F-16F7-4668-BE54-9A1E7A4F7556}") = "MaderasProveedores.Core", "..\MaderasProveedores.Core\MaderasProveedores.Core.csproj", "{3C4648B5-A93F-4874-B7D8-A911312C011E}"
EndProject
Project("{FAE04EC0-301F-11D3-BF4B-00C04F79EFBC}") = "MaderasProveedores.UnitTest", "..\MaderasProveedores.UnitTest\MaderasProveedores.UnitTest.csproj", "{F3428C0A-5180-4934-8DE3-9B1E9549DC96}"
EndProject
Global
	GlobalSection(SolutionConfigurationPlatforms) = preSolution
		Debug|Any CPU = Debug|Any CPU
		Release|Any CPU = Release|Any CPU
	EndGlobalSection
	GlobalSection(ProjectConfigurationPlatforms) = postSolution
		{6E6D47FC-A566-4D0F-9535-5E4A53CB5616}.Debug|Any CPU.ActiveCfg = Debug|Any CPU
		{6E6D47FC-A566-4D0F-9535-5E4A53CB5616}.Debug|Any CPU.Build.0 = Debug|Any CPU
		{6E6D47FC-A566-4D0F-9535-5E4A53CB5616}.Release|Any CPU.ActiveCfg = Release|Any CPU
		{6E6D47FC-A566-4D0F-9535-5E4A53CB5616}.Release|Any CPU.Build.0 = Release|Any CPU
		{604E379D-590F-4B33-98E0-6929411CF1F5}.Debug|Any CPU.ActiveCfg = Debug|Any CPU
		{604E379D-590F-4B33-98E0-6929411CF1F5}.Debug|Any CPU.Build.0 = Debug|Any CPU
		{604E379D-590F-4B33-98E0-6929411CF1F5}.Release|Any CPU.ActiveCfg = Release|Any CPU
		{604E379D-590F-4B33-98E0-6929411CF1F5}.Release|Any CPU.Build.0 = Release|Any CPU
		{3C4648B5-A93F-4874-B7D8-A911312C011E}.Debug|Any CPU.ActiveCfg = Debug|Any CPU
		{3C4648B5-A93F-4874-B7D8-A911312C011E}.Debug|Any CPU.Build.0 = Debug|Any CPU
		{3C4648B5-A93F-4874-B7D8-A911312C011E}.Release|Any CPU.ActiveCfg = Release|Any CPU
		{3C4648B5-A93F-4874-B7D8-A911312C011E}.Release|Any CPU.Build.0 = Release|Any CPU
		{F3428C0A-5180-4934-8DE3-9B1E9549DC96}.Debug|Any CPU.ActiveCfg = Debug|Any CPU
		{F3428C0A-5180-4934-8DE3-9B1E9549DC96}.Debug|Any CPU.Build.0 = Debug|Any CPU
		{F3428C0A-5180-4934-8DE3-9B1E9549DC96}.Release|Any CPU.ActiveCfg = Release|Any CPU
		{F3428C0A-5180-4934-8DE3-9B1E9549DC96}.Release|Any CPU.Build.0 = Release|Any CPU
	EndGlobalSection
	GlobalSection(SolutionProperties) = preSolution
		HideSolutionNode = FALSE
	EndGlobalSection
	GlobalSection(ExtensibilityGlobals) = postSolution
		SolutionGuid = {612243D3-8412-47D1-92AD-2969EA22FCF4}
	EndGlobalSection
EndGlobal
